{
  "version": 1,
  "dependencies": {
    "net10.0": {
      "AmongUs.GameLibs.Steam": {
        "type": "Direct",
        "requested": "[2026.3.31, )",
        "resolved": "2026.3.31",
        "contentHash": "s5u9TPftqfgvDKBCJ6LCSbWMVLIP2U9++UglnQ7pFa/o9RFo++6vevsX3im+cbpoyznjoj64q2aqLwu7wbkqig=="
      },
      "Microsoft.NET.Test.Sdk": {
        "type": "Direct",
        "requested": "[18.8.1, )",
        "resolved": "18.8.1",
        "contentHash": "dknJL3/9Y3t4XuCBqnc0PevPxgLsUMmVhjwup/b1HNovA8zWcj3XsfIf7c6p05363DWcqL7X/YhDL9B+Zymv1w==",
        "dependencies": {
          "Microsoft.CodeCoverage": "18.8.1",
          "Microsoft.TestPlatform.TestHost": "18.8.1"
        }
      },
      "xunit.runner.visualstudio": {
        "type": "Direct",
        "requested": "[3.1.5, )",
        "resolved": "3.1.5",
        "contentHash": "tKi7dSTwP4m5m9eXPM2Ime4Kn7xNf4x4zT9sdLO/G4hZVnQCRiMTWoSZqI/pYTVeI27oPPqHBKYI/DjJ9GsYgA=="
      },
      "xunit.v3": {
        "type": "Direct",
        "requested": "[3.2.2, )",
        "resolved": "3.2.2",
        "contentHash": "L+4/4y0Uqcg8/d6hfnxhnwh4j9FaeULvefTwrk30rr1o4n/vdPfyUQ8k0yzH8VJx7bmFEkDdcRfbtbjEHlaYcA==",
        "dependencies": {
          "xunit.v3.mtp-v1": "[3.2.2]"
        }
      },
      "AsmResolver": {
        "type": "Transitive",
        "resolved": "6.0.0-beta.1",
        "contentHash": "M5btCR/rmrx32jZsoN6CLQ/VQk8lN8hvPb6lgojua7pjNoo7StAl92koMC8qz4vzZyH2CNqxLSDoswRvyyK/vA=="
      },
      "AsmResolver.DotNet": {
        "type": "Transitive",
        "resolved": "6.0.0-beta.1",
        "contentHash": "PTq8nNQvhgTxF1iARCknffCsu7Iq9B0kN7TVC8iMaU7uEYog3xvVqH/0+TreY8GW74/+MqhZt/yEFsvS4oAduQ==",
        "dependencies": {
          "AsmResolver.PE": "6.0.0-beta.1"
        }
      },
      "AsmResolver.PE": {
        "type": "Transitive",
        "resolved": "6.0.0-beta.1",
        "contentHash": "KadLvx/zzFCJyF+E4jG6jPE1d0iJquzL6+hm8GBivBAs6nwHC8s6g4c857QwQCzXMWza6Vz5Q+3hFiNuOfKaWQ==",
        "dependencies": {
          "AsmResolver.PE.File": "6.0.0-beta.1"
        }
      },
      "AsmResolver.PE.File": {
        "type": "Transitive",
        "resolved": "6.0.0-beta.1",
        "contentHash": "+lusB9UMHevI5aQsu73NQ1ctPMLFvyHAsEf8vjaJ/py+kX1DkU0JkbERtBRmaf58/hBZ7cyrE7gFnjoo7Bbg7A==",
        "dependencies": {
          "AsmResolver": "6.0.0-beta.1"
        }
      },
      "AssetRipper.CIL": {
        "type": "Transitive",
        "resolved": "1.1.2",
        "contentHash": "BRPcHORadIzSFkrVOvGkSs54j19mQdXH8dmRTVM51mS8MZLSbTpi9CDPpnWN2IdDsILUrAqbPUFo3zJodYxErw==",
        "dependencies": {
          "AsmResolver.DotNet": "6.0.0-beta.1"
        }
      },
      "AssetRipper.Gee.External.Capstone": {
        "type": "Transitive",
        "resolved": "2.3.2",
        "contentHash": "wOr5PQPL/2ZfD7+ebt6cpRbUhSzSY5nlHGHjjzuQRiU5zkQlqQNwWDLX0M3smrm5IkaDvONkmDjFMKTlZJmyuQ=="
      },
      "AssetRipper.Primitives": {
        "type": "Transitive",
        "resolved": "3.1.3",
        "contentHash": "djZbN/+EXmI+Oia9Pm0LyjZVCPLf60TPSL5rGb7mBEYM5F4CN3nPFXvl2yA5LanPZoHS1Yq7PghGUmkP7Pv9RQ=="
      },
      "BepInEx.Core": {
        "type": "Transitive",
        "resolved": "6.0.0-be.735",
        "contentHash": "FuHm9UCzjSKeiZJc3IF70Fiuqi+FynRn62PwBoOeZcHK3/qm+vl1YwbZyFlmUyf45g+UKxg2Td40iZGx88LVAQ==",
        "dependencies": {
          "HarmonyX": "2.10.2",
          "MonoMod.Utils": "22.7.31.1",
          "SemanticVersioning": "2.0.2"
        }
      },
      "BepInEx.Unity.Common": {
        "type": "Transitive",
        "resolved": "6.0.0-be.735",
        "contentHash": "vmK//OBSr+jotqTk//HSdvHtMFTKu+NlQkiEsvr0dZApTVmQM2AgpVMhEAakQPmrSsM6LRJIHCBcLFO1ypfMPQ==",
        "dependencies": {
          "AssetRipper.Primitives": "3.1.3",
          "MonoMod.Utils": "22.7.31.1"
        }
      },
      "BepInEx.Unity.IL2CPP": {
        "type": "Transitive",
        "resolved": "6.0.0-be.735",
        "contentHash": "2+eFJGKMR1GFPeU9wuF+TVrMANIaWIc/6N9e8x4b7b/fNiY9B6vicYNiMDb2deYQpWZtOei+2btnar5dDE5BPg==",
        "dependencies": {
          "BepInEx.Core": "6.0.0-be.735",
          "BepInEx.Unity.Common": "6.0.0-be.735",
          "HarmonyX": "2.10.2",
          "Iced": "1.21.0",
          "Il2CppInterop.Generator": "1.4.6-ci.426",
          "Il2CppInterop.HarmonySupport": "1.4.6-ci.426",
          "Il2CppInterop.Runtime": "1.4.6-ci.426",
          "MonoMod.RuntimeDetour": "22.7.31.1",
          "Samboy063.Cpp2IL.Core": "2022.1.0-pre-release.19"
        }
      },
      "Disarm": {
        "type": "Transitive",
        "resolved": "2022.1.0-master.57",
        "contentHash": "/dkg7hg8iPBQN4bTV1lMQacarH6fMpgUXhJuo6iI7Wv7YpH7g5F9hJfje7dSMhqG0YlDacLuyWvcph5GzKUXog=="
      },
      "HarmonyX": {
        "type": "Transitive",
        "resolved": "2.10.2",
        "contentHash": "/5WwkxXX8mPsRuigQt957rJGx1f0dDQxk+bvk4yYITKFjXas9Em+O71zEP8X0ym8OFQQ2XH/2SxS4NC7vEC+Xg==",
        "dependencies": {
          "MonoMod.RuntimeDetour": "22.3.23.4"
        }
      },
      "Iced": {
        "type": "Transitive",
        "resolved": "1.21.0",
        "contentHash": "dv5+81Q1TBQvVMSOOOmRcjJmvWcX3BZPZsIq31+RLc5cNft0IHAyNlkdb7ZarOWG913PyBoFDsDXoCIlKmLclg=="
      },
      "Il2CppInterop.Common": {
        "type": "Transitive",
        "resolved": "1.4.6-ci.426",
        "contentHash": "pI0kU0qqJKMP6z9eFz4+WJtGIwklfPxW2yWEY9vKnrN9bbYMusK3v5uFWV8al7S/HPSATV5jNWH1hyTvP7kglA==",
        "dependencies": {
          "Iced": "1.17.0",
          "Microsoft.Extensions.Logging.Abstractions": "6.0.1"
        }
      },
      "Il2CppInterop.Generator": {
        "type": "Transitive",
        "resolved": "1.4.6-ci.426",
        "contentHash": "kecdx/vbNl0RtfzfYW592jU8PMyq1JbzpvoJSvqwO+tV6icp9SljXy6yG8bT/wt0gaPj9mFUNDTe2Wu6M6XGZQ==",
        "dependencies": {
          "Il2CppInterop.Common": "1.4.6-ci.426",
          "Mono.Cecil": "0.11.3"
        }
      },
      "Il2CppInterop.HarmonySupport": {
        "type": "Transitive",
        "resolved": "1.4.6-ci.426",
        "contentHash": "rd2T5o6SybIc12hmX3HktTF5n27hFb0w4mNSExq7h1YsmrNlt7x+Ac1MBnnB0JwPLIg7w8LjnKjoIX6Gf626ng==",
        "dependencies": {
          "HarmonyX": "2.10.0",
          "Il2CppInterop.Runtime": "1.4.6-ci.426"
        }
      },
      "Il2CppInterop.Runtime": {
        "type": "Transitive",
        "resolved": "1.4.6-ci.426",
        "contentHash": "0O0oI7gOqJixrsjvh1firhuGYK3Yr0uDLp6Q+t5CfcTMmeEX8Plk3pqAP9ZYyilBvh7uW0gv4Golqz08L1GXug==",
        "dependencies": {
          "Iced": "1.17.0",
          "Il2CppInterop.Common": "1.4.6-ci.426"
        }
      },
      "Microsoft.ApplicationInsights": {
        "type": "Transitive",
        "resolved": "2.23.0",
        "contentHash": "nWArUZTdU7iqZLycLKWe0TDms48KKGE6pONH2terYNa8REXiqixrMOkf1sk5DHGMaUTqONU2YkS4SAXBhLStgw=="
      },
      "Microsoft.Bcl.AsyncInterfaces": {
        "type": "Transitive",
        "resolved": "6.0.0",
        "contentHash": "UcSjPsst+DfAdJGVDsu346FX0ci0ah+lw3WRtn18NUwEqRt70HaOQ7lI72vy3+1LxtqI3T5GWwV39rQSrCzAeg=="
      },
      "Microsoft.CodeCoverage": {
        "type": "Transitive",
        "resolved": "18.8.1",
        "contentHash": "Eclse/ZZjr4lmWzZFNN9h/OluhKL+SK/QbUyKUewgX139aGeyMEO/DkMPwuFs2MixvanTnz6891rF8UHDg+W4Q=="
      },
      "Microsoft.Extensions.Logging.Abstractions": {
        "type": "Transitive",
        "resolved": "6.0.1",
        "contentHash": "dzB2Cgg+JmrouhjkcQGzSFjjvpwlq353i8oBQO2GWNjCXSzhbtBRUf28HSauWe7eib3wYOdb3tItdjRwAdwCSg=="
      },
      "Microsoft.Testing.Extensions.Telemetry": {
        "type": "Transitive",
        "resolved": "1.9.1",
        "contentHash": "No5AudZMmSb+uNXjlgL2y3/stHD2IT4uxqc5yHwkE+/nNux9jbKcaJMvcp9SwgP4DVD8L9/P3OUz8mmmcvEIdQ==",
        "dependencies": {
          "Microsoft.ApplicationInsights": "2.23.0",
          "Microsoft.Testing.Platform": "1.9.1"
        }
      },
      "Microsoft.Testing.Extensions.TrxReport.Abstractions": {
        "type": "Transitive",
        "resolved": "1.9.1",
        "contentHash": "AL46Xe1WBi85Ntd4mNPvat5ZSsZ2uejiVqoKCypr8J3wK0elA5xJ3AN4G/Q4GIwzUFnggZoH/DBjnr9J18IO/g==",
        "dependencies": {
          "Microsoft.Testing.Platform": "1.9.1"
        }
      },
      "Microsoft.Testing.Platform": {
        "type": "Transitive",
        "resolved": "1.9.1",
        "contentHash": "QafNtNSmEI0zazdebnsIkDKmFtTSpmx/5PLOjURWwozcPb3tvRxzosQSL8xwYNM1iPhhKiBksXZyRSE2COisrA=="
      },
      "Microsoft.Testing.Platform.MSBuild": {
        "type": "Transitive",
        "resolved": "1.9.1",
        "contentHash": "oTUtyR4X/s9ytuiNA29FGsNCCH0rNmY5Wdm14NCKLjTM1cT9edVSlA+rGS/mVmusPqcP0l/x9qOnMXg16v87RQ==",
        "dependencies": {
          "Microsoft.Testing.Platform": "1.9.1"
        }
      },
      "Microsoft.TestPlatform.ObjectModel": {
        "type": "Transitive",
        "resolved": "18.8.1",
        "contentHash": "qLbktNB1+b1XZLNJBTzaWVVJAd6PEzD7cgD406geMb6PcFZhp3EDNa1tctWx1+mtMU6MP/6ozVvFPC9vs2a9rw=="
      },
      "Microsoft.TestPlatform.TestHost": {
        "type": "Transitive",
        "resolved": "18.8.1",
        "contentHash": "FaQHPDTUOcE+SFTjssNPfrub2lT9Zyon4J2W/KLHt/efLJACb1TCeWXyOgh0D/4Q1e4n+S3E6mOKud+9nLZlEA==",
        "dependencies": {
          "Microsoft.TestPlatform.ObjectModel": "18.8.1"
        }
      },
      "Microsoft.Win32.Registry": {
        "type": "Transitive",
        "resolved": "5.0.0",
        "contentHash": "dDoKi0PnDz31yAyETfRntsLArTlVAVzUzCIvvEDsDsucrl33Dl8pIJG06ePTJTI3tGpeyHS9Cq7Foc/s4EeKcg=="
      },
      "Mono.Cecil": {
        "type": "Transitive",
        "resolved": "0.11.4",
        "contentHash": "IC1h5g0NeJGHIUgzM1P82ld57knhP0IcQfrYITDPXlNpMYGUrsG5TxuaWTjaeqDNQMBDNZkB8L0rBnwsY6JHuQ=="
      },
      "MonoMod.RuntimeDetour": {
        "type": "Transitive",
        "resolved": "22.7.31.1",
        "contentHash": "nxVJTvQbWAujaogt5XX3eAy7d22t66Z88aWg9sirPLO9rR/6yNCHAyZpgxXrOsIobZVW0IEZPqNMOBhgke25/w==",
        "dependencies": {
          "Mono.Cecil": "0.11.4",
          "MonoMod.Utils": "22.7.31.1",
          "System.Reflection.TypeExtensions": "4.7.0"
        }
      },
      "MonoMod.Utils": {
        "type": "Transitive",
        "resolved": "22.7.31.1",
        "contentHash": "nI0E1oadXS1iMbfwfCzYF08C1jRQR9cnnHv66a4BSPd4sGu2p6g4BmctCWsdAB6oGKkSJUhcfHfxcfTsDyB94Q==",
        "dependencies": {
          "Mono.Cecil": "0.11.4",
          "System.Reflection.TypeExtensions": "4.7.0"
        }
      },
      "Samboy063.Cpp2IL.Core": {
        "type": "Transitive",
        "resolved": "2022.1.0-pre-release.19",
        "contentHash": "mAYIrMo0VdOZzh1NS5bZeflg80gtYNY7kZo9q/blEYheUPyLXu5ozQOjX+Bq2yDh40pA+yiE2MXTnN2Is2hjgw==",
        "dependencies": {
          "AsmResolver.DotNet": "6.0.0-beta.1",
          "AssetRipper.CIL": "1.1.2",
          "AssetRipper.Gee.External.Capstone": "2.3.2",
          "Disarm": "2022.1.0-master.57",
          "Iced": "1.21.0",
          "Samboy063.LibCpp2IL": "2022.1.0-pre-release.19",
          "StableNameDotNet": "0.1.0-pre-release.19"
        }
      },
      "Samboy063.LibCpp2IL": {
        "type": "Transitive",
        "resolved": "2022.1.0-pre-release.19",
        "contentHash": "/n8p81ltd38BeNNS2xUNPGMSzxk/UGXr9cRNqG1MaLogzANNNrvCAXqWmNMM3tZctjp7vqTxEA+e4J4ngul8Fg==",
        "dependencies": {
          "AssetRipper.Primitives": "3.1.3",
          "Samboy063.WasmDisassembler": "2022.1.0-pre-release.19"
        }
      },
      "Samboy063.WasmDisassembler": {
        "type": "Transitive",
        "resolved": "2022.1.0-pre-release.19",
        "contentHash": "uVQdYm/J6+jJ1xt6GJ3hNhXhciwlX+LmHTPITu9jjZ75T33YJuuTD7pLVYuMymr+4gSVisg7f1wterFSyqJBWA=="
      },
      "SemanticVersioning": {
        "type": "Transitive",
        "resolved": "2.0.2",
        "contentHash": "4EQgYdNZ92SyaO7YFk6olVnebF5V+jrHyMUjvPq89tLeMo8NSfgDF+6Zwq/lgh9j/0yfQp9Lkm0ZA0rUATCZFA=="
      },
      "SocketIOClient": {
        "type": "Transitive",
        "resolved": "3.1.2",
        "contentHash": "CMmnmhvG1Qf8k6BPh3RLqc/9MNvGUlCOyptjoP8a62bowPQkHTWvN25yy+gQqx5Ry/NgzkQHBJNpmRJhZNZrVQ==",
        "dependencies": {
          "SocketIO.Serializer.Core": "3.1.2",
          "SocketIO.Serializer.SystemTextJson": "3.1.2"
        }
      },
      "StableNameDotNet": {
        "type": "Transitive",
        "resolved": "0.1.0-pre-release.19",
        "contentHash": "5BPWtntv3PXeFIg9CuGW6OM3f5GnwvdQJbzRpufPsistFwFyt1xYW1wSDr+QIdDO7vLndr7iNpWD3FyYp9LL4g=="
      },
      "System.Reflection.TypeExtensions": {
        "type": "Transitive",
        "resolved": "4.7.0",
        "contentHash": "VybpaOQQhqE6siHppMktjfGBw1GCwvCqiufqmP8F1nj7fTUNtW35LOEt3UZTEsECfo+ELAl/9o9nJx3U91i7vA=="
      },
      "xunit.analyzers": {
        "type": "Transitive",
        "resolved": "1.27.0",
        "contentHash": "y/pxIQaLvk/kxAoDkZW9GnHLCEqzwl5TW0vtX3pweyQpjizB9y3DXhb9pkw2dGeUqhLjsxvvJM1k89JowU6z3g=="
      },
      "xunit.v3.assert": {
        "type": "Transitive",
        "resolved": "3.2.2",
        "contentHash": "BPciBghgEEaJN/JG00QfCYDfEfnLgQhfnYEy+j1izoeHVNYd5+3Wm8GJ6JgYysOhpBPYGE+sbf75JtrRc7jrdA=="
      },
      "xunit.v3.common": {
        "type": "Transitive",
        "resolved": "3.2.2",
        "contentHash": "Hj775PEH6GTbbg0wfKRvG2hNspDCvTH9irXhH4qIWgdrOSV1sQlqPie+DOvFeigsFg2fxSM3ZAaaCDQs+KreFA==",
        "dependencies": {
          "Microsoft.Bcl.AsyncInterfaces": "6.0.0"
        }
      },
      "xunit.v3.core.mtp-v1": {
        "type": "Transitive",
        "resolved": "3.2.2",
        "contentHash": "Ga5aA2Ca9ktz+5k3g5ukzwfexwoqwDUpV6z7atSEUvqtd6JuybU1XopHqg1oFd78QdTfZgZE9h5sHpO4qYIi5w==",
        "dependencies": {
          "Microsoft.Testing.Extensions.Telemetry": "1.9.1",
          "Microsoft.Testing.Extensions.TrxReport.Abstractions": "1.9.1",
          "Microsoft.Testing.Platform": "1.9.1",
          "Microsoft.Testing.Platform.MSBuild": "1.9.1",
          "xunit.v3.extensibility.core": "[3.2.2]",
          "xunit.v3.runner.inproc.console": "[3.2.2]"
        }
      },
      "xunit.v3.extensibility.core": {
        "type": "Transitive",
        "resolved": "3.2.2",
        "contentHash": "srY8z/oMPvh/t8axtO2DwrHajhFMH7tnqKildvYrVQIfICi8fOn3yIBWkVPAcrKmHMwvXRJ/XsQM3VMR6DOYfQ==",
        "dependencies": {
          "xunit.v3.common": "[3.2.2]"
        }
      },
      "xunit.v3.mtp-v1": {
        "type": "Transitive",
        "resolved": "3.2.2",
        "contentHash": "O41aAzYKBT5PWqATa1oEWVNCyEUypFQ4va6K0kz37dduV3EKzXNMaV2UnEhufzU4Cce1I33gg0oldS8tGL5I0A==",
        "dependencies": {
          "xunit.analyzers": "1.27.0",
          "xunit.v3.assert": "[3.2.2]",
          "xunit.v3.core.mtp-v1": "[3.2.2]"
        }
      },
      "xunit.v3.runner.common": {
        "type": "Transitive",
        "resolved": "3.2.2",
        "contentHash": "/hkHkQCzGrugelOAehprm7RIWdsUFVmIVaD6jDH/8DNGCymTlKKPTbGokD5czbAfqfex47mBP0sb0zbHYwrO/g==",
        "dependencies": {
          "Microsoft.Win32.Registry": "[5.0.0]",
          "xunit.v3.common": "[3.2.2]"
        }
      },
      "xunit.v3.runner.inproc.console": {
        "type": "Transitive",
        "resolved": "3.2.2",
        "contentHash": "ulWOdSvCk+bPXijJZ73bth9NyoOHsAs1ZOvamYbCkD4DNLX/Bd29Ve2ZNUwBbK0MqfIYWXHZViy/HKrdEC/izw==",
        "dependencies": {
          "xunit.v3.extensibility.core": "[3.2.2]",
          "xunit.v3.runner.common": "[3.2.2]"
        }
      },
      "perfectcomms": {
        "type": "Project",
        "dependencies": {
          "BepInEx.Unity.IL2CPP": "[6.0.0-be.735, )",
          "SocketIOClient": "[3.1.2, )"
        }
      }
    }
  }
}